<?xml version="1.0" encoding="UTF-8"?>
<!DOCTYPE plist PUBLIC "-//Apple//DTD PLIST 1.0//EN" "http://www.apple.com/DTDs/PropertyList-1.0.dtd">
<plist version="1.0">
<dict>
	<key>archiveVersion</key>
	<string>1</string>
	<key>classes</key>
	<dict/>
	<key>objectVersion</key>
	<string>46</string>
	<key>objects</key>
	<dict>
		<key>1DB50855F5141AB4D5A79D57</key>
		<dict>
			<key>explicitFileType</key>
			<string>wrapper.framework</string>
			<key>includeInIndex</key>
			<string>0</string>
			<key>isa</key>
			<string>PBXFileReference</string>
			<key>path</key>
			<string>Pods_petPals.framework</string>
			<key>sourceTree</key>
			<string>BUILT_PRODUCTS_DIR</string>
		</dict>
		<key>1E08B35780A26D4FEF267521</key>
		<dict>
			<key>includeInIndex</key>
			<string>1</string>
			<key>isa</key>
			<string>PBXFileReference</string>
			<key>lastKnownFileType</key>
			<string>text.xcconfig</string>
			<key>name</key>
			<string>Pods.debug.xcconfig</string>
			<key>path</key>
			<string>Pods/Target Support Files/Pods/Pods.debug.xcconfig</string>
			<key>sourceTree</key>
			<string>&lt;group&gt;</string>
		</dict>
		<key>23111E639B9430F71458BD70</key>
		<dict>
			<key>buildActionMask</key>
			<string>2147483647</string>
			<key>files</key>
			<array/>
			<key>inputPaths</key>
			<array/>
			<key>isa</key>
			<string>PBXShellScriptBuildPhase</string>
			<key>name</key>
			<string>Check Pods Manifest.lock</string>
			<key>outputPaths</key>
			<array/>
			<key>runOnlyForDeploymentPostprocessing</key>
			<string>0</string>
			<key>shellPath</key>
			<string>/bin/sh</string>
			<key>shellScript</key>
			<string>diff "${PODS_ROOT}/../Podfile.lock" "${PODS_ROOT}/Manifest.lock" &gt; /dev/null
if [[ $? != 0 ]] ; then
    cat &lt;&lt; EOM
error: The sandbox is not in sync with the Podfile.lock. Run 'pod install' or update your CocoaPods installation.
EOM
    exit 1
fi
</string>
			<key>showEnvVarsInLog</key>
			<string>0</string>
		</dict>
		<key>42EA7F11EE638AFE800824F0</key>
		<dict>
			<key>buildActionMask</key>
			<string>2147483647</string>
			<key>files</key>
			<array/>
			<key>inputPaths</key>
			<array/>
			<key>isa</key>
			<string>PBXShellScriptBuildPhase</string>
			<key>name</key>
			<string>Embed Pods Frameworks</string>
			<key>outputPaths</key>
			<array/>
			<key>runOnlyForDeploymentPostprocessing</key>
			<string>0</string>
			<key>shellPath</key>
			<string>/bin/sh</string>
			<key>shellScript</key>
			<string>"${SRCROOT}/Pods/Target Support Files/Pods-petPals/Pods-petPals-frameworks.sh"
</string>
			<key>showEnvVarsInLog</key>
			<string>0</string>
		</dict>
		<key>43190E5F2A49B8A318E4C09A</key>
		<dict>
			<key>explicitFileType</key>
			<string>wrapper.framework</string>
			<key>includeInIndex</key>
			<string>0</string>
			<key>isa</key>
			<string>PBXFileReference</string>
			<key>path</key>
			<string>Pods.framework</string>
			<key>sourceTree</key>
			<string>BUILT_PRODUCTS_DIR</string>
		</dict>
		<key>4D3D03781BBCDDFE00EE673D</key>
		<dict>
			<key>children</key>
			<array>
				<string>4D94CB6C1BC3552E008A8F6A</string>
				<string>4D3D03831BBCDDFE00EE673D</string>
				<string>4D3D039A1BBCDDFE00EE673D</string>
				<string>4D3D03A51BBCDDFE00EE673D</string>
				<string>4D3D03821BBCDDFE00EE673D</string>
				<string>FB45DFDE571BBFA12D205A19</string>
			</array>
			<key>isa</key>
			<string>PBXGroup</string>
			<key>sourceTree</key>
			<string>&lt;group&gt;</string>
		</dict>
		<key>4D3D03791BBCDDFE00EE673D</key>
		<dict>
			<key>attributes</key>
			<dict>
				<key>LastUpgradeCheck</key>
				<string>0700</string>
				<key>ORGANIZATIONNAME</key>
				<string>Shaun Chua</string>
				<key>TargetAttributes</key>
				<dict>
					<key>4D3D03801BBCDDFE00EE673D</key>
					<dict>
						<key>CreatedOnToolsVersion</key>
						<string>7.0</string>
					</dict>
					<key>4D3D03961BBCDDFE00EE673D</key>
					<dict>
						<key>CreatedOnToolsVersion</key>
						<string>7.0</string>
						<key>TestTargetID</key>
						<string>4D3D03801BBCDDFE00EE673D</string>
					</dict>
					<key>4D3D03A11BBCDDFE00EE673D</key>
					<dict>
						<key>CreatedOnToolsVersion</key>
						<string>7.0</string>
						<key>TestTargetID</key>
						<string>4D3D03801BBCDDFE00EE673D</string>
					</dict>
				</dict>
			</dict>
			<key>buildConfigurationList</key>
			<string>4D3D037C1BBCDDFE00EE673D</string>
			<key>compatibilityVersion</key>
			<string>Xcode 3.2</string>
			<key>developmentRegion</key>
			<string>English</string>
			<key>hasScannedForEncodings</key>
			<string>0</string>
			<key>isa</key>
			<string>PBXProject</string>
			<key>knownRegions</key>
			<array>
				<string>en</string>
				<string>Base</string>
			</array>
			<key>mainGroup</key>
			<string>4D3D03781BBCDDFE00EE673D</string>
			<key>productRefGroup</key>
			<string>4D3D03821BBCDDFE00EE673D</string>
			<key>projectDirPath</key>
			<string></string>
			<key>projectReferences</key>
			<array/>
			<key>projectRoot</key>
			<string></string>
			<key>targets</key>
			<array>
				<string>4D3D03801BBCDDFE00EE673D</string>
				<string>4D3D03961BBCDDFE00EE673D</string>
				<string>4D3D03A11BBCDDFE00EE673D</string>
			</array>
		</dict>
		<key>4D3D037C1BBCDDFE00EE673D</key>
		<dict>
			<key>buildConfigurations</key>
			<array>
				<string>4D3D03A91BBCDDFE00EE673D</string>
				<string>4D3D03AA1BBCDDFE00EE673D</string>
			</array>
			<key>defaultConfigurationIsVisible</key>
			<string>0</string>
			<key>defaultConfigurationName</key>
			<string>Release</string>
			<key>isa</key>
			<string>XCConfigurationList</string>
		</dict>
		<key>4D3D037D1BBCDDFE00EE673D</key>
		<dict>
			<key>buildActionMask</key>
			<string>2147483647</string>
			<key>files</key>
			<array>
				<string>4D5A68521BD98E1D00706B24</string>
				<string>4D3D03891BBCDDFE00EE673D</string>
				<string>4D5A68961BDDE72D00706B24</string>
				<string>4D9670991BC0CAA3000313AB</string>
				<string>4DCDF81A1BE5B22C0039A682</string>
				<string>4DCDF8141BE4B7B30039A682</string>
				<string>4D9670951BC0B504000313AB</string>
				<string>4DCDF81D1BE84BAB0039A682</string>
				<string>4DCDF8171BE505750039A682</string>
				<string>4DCDF8101BE4B7520039A682</string>
				<string>4D5A68501BD98A8200706B24</string>
				<string>4D3D03851BBCDDFE00EE673D</string>
				<string>4D3D03871BBCDDFE00EE673D</string>
				<string>4DCDF8121BE4B79D0039A682</string>
				<string>4DCDF8201BE86FBA0039A682</string>
			</array>
			<key>isa</key>
			<string>PBXSourcesBuildPhase</string>
			<key>runOnlyForDeploymentPostprocessing</key>
			<string>0</string>
		</dict>
		<key>4D3D037E1BBCDDFE00EE673D</key>
		<dict>
			<key>buildActionMask</key>
			<string>2147483647</string>
			<key>files</key>
			<array>
				<string>4D94CB821BC356C1008A8F6A</string>
				<string>4D94CB801BC356B4008A8F6A</string>
				<string>4D94CB7E1BC355D6008A8F6A</string>
				<string>4D94CB7C1BC355CA008A8F6A</string>
				<string>4D94CB7A1BC355C1008A8F6A</string>
				<string>4D94CB781BC355B3008A8F6A</string>
				<string>4D94CB761BC355AA008A8F6A</string>
				<string>4D94CB741BC35596008A8F6A</string>
				<string>4D94CB721BC3558B008A8F6A</string>
				<string>4D94CB701BC35584008A8F6A</string>
				<string>4D94CB6E1BC3557B008A8F6A</string>
				<string>4D94CB6B1BC354C3008A8F6A</string>
				<string>4D94CB6A1BC354C3008A8F6A</string>
				<string>CEE5CDB1DB7AF920D41A32E6</string>
				<string>83EBE84049546351725E0DF1</string>
			</array>
			<key>isa</key>
			<string>PBXFrameworksBuildPhase</string>
			<key>runOnlyForDeploymentPostprocessing</key>
			<string>0</string>
		</dict>
		<key>4D3D037F1BBCDDFE00EE673D</key>
		<dict>
			<key>buildActionMask</key>
			<string>2147483647</string>
			<key>files</key>
			<array>
				<string>4D3D03EF1BBDD6A900EE673D</string>
				<string>4D3D03911BBCDDFE00EE673D</string>
				<string>4D3D038E1BBCDDFE00EE673D</string>
				<string>4D3D038C1BBCDDFE00EE673D</string>
			</array>
			<key>isa</key>
			<string>PBXResourcesBuildPhase</string>
			<key>runOnlyForDeploymentPostprocessing</key>
			<string>0</string>
		</dict>
		<key>4D3D03801BBCDDFE00EE673D</key>
		<dict>
			<key>buildConfigurationList</key>
			<string>4D3D03AB1BBCDDFE00EE673D</string>
			<key>buildPhases</key>
			<array>
				<string>23111E639B9430F71458BD70</string>
				<string>4D3D037D1BBCDDFE00EE673D</string>
				<string>4D3D037E1BBCDDFE00EE673D</string>
				<string>4D3D037F1BBCDDFE00EE673D</string>
				<string>42EA7F11EE638AFE800824F0</string>
				<string>669032E53669539F9571D461</string>
			</array>
			<key>buildRules</key>
			<array/>
			<key>dependencies</key>
			<array/>
			<key>isa</key>
			<string>PBXNativeTarget</string>
			<key>name</key>
			<string>petPals</string>
			<key>productName</key>
			<string>petPals</string>
			<key>productReference</key>
			<string>4D3D03811BBCDDFE00EE673D</string>
			<key>productType</key>
			<string>com.apple.product-type.application</string>
		</dict>
		<key>4D3D03811BBCDDFE00EE673D</key>
		<dict>
			<key>explicitFileType</key>
			<string>wrapper.application</string>
			<key>includeInIndex</key>
			<string>0</string>
			<key>isa</key>
			<string>PBXFileReference</string>
			<key>path</key>
			<string>petPals.app</string>
			<key>sourceTree</key>
			<string>BUILT_PRODUCTS_DIR</string>
		</dict>
		<key>4D3D03821BBCDDFE00EE673D</key>
		<dict>
			<key>children</key>
			<array>
				<string>4D3D03811BBCDDFE00EE673D</string>
				<string>4D3D03971BBCDDFE00EE673D</string>
				<string>4D3D03A21BBCDDFE00EE673D</string>
			</array>
			<key>isa</key>
			<string>PBXGroup</string>
			<key>name</key>
			<string>Products</string>
			<key>sourceTree</key>
			<string>&lt;group&gt;</string>
		</dict>
		<key>4D3D03831BBCDDFE00EE673D</key>
		<dict>
			<key>children</key>
			<array>
				<string>4DCDF81E1BE86FA60039A682</string>
				<string>4DCDF81B1BE84B830039A682</string>
				<string>4DCDF8181BE5B2160039A682</string>
				<string>4DCDF8151BE504BB0039A682</string>
				<string>4D5A684F1BD98A8200706B24</string>
				<string>4D3D03841BBCDDFE00EE673D</string>
				<string>4DCDF80F1BE4B7520039A682</string>
				<string>4DCDF8111BE4B79D0039A682</string>
				<string>4DCDF8131BE4B7B30039A682</string>
				<string>4D3D03861BBCDDFE00EE673D</string>
				<string>4D5A68951BDDE72D00706B24</string>
				<string>4D3D03881BBCDDFE00EE673D</string>
				<string>4D3D038A1BBCDDFE00EE673D</string>
				<string>4D5A68511BD98E1D00706B24</string>
				<string>4D9670941BC0B504000313AB</string>
				<string>4D9670981BC0CAA3000313AB</string>
				<string>4D3D03EE1BBDD6A900EE673D</string>
				<string>4D3D038D1BBCDDFE00EE673D</string>
				<string>4D3D038F1BBCDDFE00EE673D</string>
				<string>4D3D03921BBCDDFE00EE673D</string>
			</array>
			<key>isa</key>
			<string>PBXGroup</string>
			<key>path</key>
			<string>petPals</string>
			<key>sourceTree</key>
			<string>&lt;group&gt;</string>
		</dict>
		<key>4D3D03841BBCDDFE00EE673D</key>
		<dict>
			<key>isa</key>
			<string>PBXFileReference</string>
			<key>lastKnownFileType</key>
			<string>sourcecode.swift</string>
			<key>path</key>
			<string>AppDelegate.swift</string>
			<key>sourceTree</key>
			<string>&lt;group&gt;</string>
		</dict>
		<key>4D3D03851BBCDDFE00EE673D</key>
		<dict>
			<key>fileRef</key>
			<string>4D3D03841BBCDDFE00EE673D</string>
			<key>isa</key>
			<string>PBXBuildFile</string>
		</dict>
		<key>4D3D03861BBCDDFE00EE673D</key>
		<dict>
			<key>isa</key>
			<string>PBXFileReference</string>
			<key>lastKnownFileType</key>
			<string>sourcecode.swift</string>
			<key>path</key>
			<string>FirstViewController.swift</string>
			<key>sourceTree</key>
			<string>&lt;group&gt;</string>
		</dict>
		<key>4D3D03871BBCDDFE00EE673D</key>
		<dict>
			<key>fileRef</key>
			<string>4D3D03861BBCDDFE00EE673D</string>
			<key>isa</key>
			<string>PBXBuildFile</string>
		</dict>
		<key>4D3D03881BBCDDFE00EE673D</key>
		<dict>
			<key>isa</key>
			<string>PBXFileReference</string>
			<key>lastKnownFileType</key>
			<string>sourcecode.swift</string>
			<key>path</key>
			<string>SecondViewController.swift</string>
			<key>sourceTree</key>
			<string>&lt;group&gt;</string>
		</dict>
		<key>4D3D03891BBCDDFE00EE673D</key>
		<dict>
			<key>fileRef</key>
			<string>4D3D03881BBCDDFE00EE673D</string>
			<key>isa</key>
			<string>PBXBuildFile</string>
		</dict>
		<key>4D3D038A1BBCDDFE00EE673D</key>
		<dict>
			<key>children</key>
			<array>
				<string>4D3D038B1BBCDDFE00EE673D</string>
			</array>
			<key>isa</key>
			<string>PBXVariantGroup</string>
			<key>name</key>
			<string>Main.storyboard</string>
			<key>sourceTree</key>
			<string>&lt;group&gt;</string>
		</dict>
		<key>4D3D038B1BBCDDFE00EE673D</key>
		<dict>
			<key>isa</key>
			<string>PBXFileReference</string>
			<key>lastKnownFileType</key>
			<string>file.storyboard</string>
			<key>name</key>
			<string>Base</string>
			<key>path</key>
			<string>Base.lproj/Main.storyboard</string>
			<key>sourceTree</key>
			<string>&lt;group&gt;</string>
		</dict>
		<key>4D3D038C1BBCDDFE00EE673D</key>
		<dict>
			<key>fileRef</key>
			<string>4D3D038A1BBCDDFE00EE673D</string>
			<key>isa</key>
			<string>PBXBuildFile</string>
		</dict>
		<key>4D3D038D1BBCDDFE00EE673D</key>
		<dict>
			<key>isa</key>
			<string>PBXFileReference</string>
			<key>lastKnownFileType</key>
			<string>folder.assetcatalog</string>
			<key>path</key>
			<string>Assets.xcassets</string>
			<key>sourceTree</key>
			<string>&lt;group&gt;</string>
		</dict>
		<key>4D3D038E1BBCDDFE00EE673D</key>
		<dict>
			<key>fileRef</key>
			<string>4D3D038D1BBCDDFE00EE673D</string>
			<key>isa</key>
			<string>PBXBuildFile</string>
		</dict>
		<key>4D3D038F1BBCDDFE00EE673D</key>
		<dict>
			<key>children</key>
			<array>
				<string>4D3D03901BBCDDFE00EE673D</string>
			</array>
			<key>isa</key>
			<string>PBXVariantGroup</string>
			<key>name</key>
			<string>LaunchScreen.storyboard</string>
			<key>sourceTree</key>
			<string>&lt;group&gt;</string>
		</dict>
		<key>4D3D03901BBCDDFE00EE673D</key>
		<dict>
			<key>isa</key>
			<string>PBXFileReference</string>
			<key>lastKnownFileType</key>
			<string>file.storyboard</string>
			<key>name</key>
			<string>Base</string>
			<key>path</key>
			<string>Base.lproj/LaunchScreen.storyboard</string>
			<key>sourceTree</key>
			<string>&lt;group&gt;</string>
		</dict>
		<key>4D3D03911BBCDDFE00EE673D</key>
		<dict>
			<key>fileRef</key>
			<string>4D3D038F1BBCDDFE00EE673D</string>
			<key>isa</key>
			<string>PBXBuildFile</string>
		</dict>
		<key>4D3D03921BBCDDFE00EE673D</key>
		<dict>
			<key>isa</key>
			<string>PBXFileReference</string>
			<key>lastKnownFileType</key>
			<string>text.plist.xml</string>
			<key>path</key>
			<string>Info.plist</string>
			<key>sourceTree</key>
			<string>&lt;group&gt;</string>
		</dict>
		<key>4D3D03931BBCDDFE00EE673D</key>
		<dict>
			<key>buildActionMask</key>
			<string>2147483647</string>
			<key>files</key>
			<array>
				<string>4D3D039C1BBCDDFE00EE673D</string>
			</array>
			<key>isa</key>
			<string>PBXSourcesBuildPhase</string>
			<key>runOnlyForDeploymentPostprocessing</key>
			<string>0</string>
		</dict>
		<key>4D3D03941BBCDDFE00EE673D</key>
		<dict>
			<key>buildActionMask</key>
			<string>2147483647</string>
			<key>files</key>
			<array/>
			<key>isa</key>
			<string>PBXFrameworksBuildPhase</string>
			<key>runOnlyForDeploymentPostprocessing</key>
			<string>0</string>
		</dict>
		<key>4D3D03951BBCDDFE00EE673D</key>
		<dict>
			<key>buildActionMask</key>
			<string>2147483647</string>
			<key>files</key>
			<array/>
			<key>isa</key>
			<string>PBXResourcesBuildPhase</string>
			<key>runOnlyForDeploymentPostprocessing</key>
			<string>0</string>
		</dict>
		<key>4D3D03961BBCDDFE00EE673D</key>
		<dict>
			<key>buildConfigurationList</key>
			<string>4D3D03AE1BBCDDFE00EE673D</string>
			<key>buildPhases</key>
			<array>
				<string>4D3D03931BBCDDFE00EE673D</string>
				<string>4D3D03941BBCDDFE00EE673D</string>
				<string>4D3D03951BBCDDFE00EE673D</string>
			</array>
			<key>buildRules</key>
			<array/>
			<key>dependencies</key>
			<array>
				<string>4D3D03991BBCDDFE00EE673D</string>
			</array>
			<key>isa</key>
			<string>PBXNativeTarget</string>
			<key>name</key>
			<string>petPalsTests</string>
			<key>productName</key>
			<string>petPalsTests</string>
			<key>productReference</key>
			<string>4D3D03971BBCDDFE00EE673D</string>
			<key>productType</key>
			<string>com.apple.product-type.bundle.unit-test</string>
		</dict>
		<key>4D3D03971BBCDDFE00EE673D</key>
		<dict>
			<key>explicitFileType</key>
			<string>wrapper.cfbundle</string>
			<key>includeInIndex</key>
			<string>0</string>
			<key>isa</key>
			<string>PBXFileReference</string>
			<key>path</key>
			<string>petPalsTests.xctest</string>
			<key>sourceTree</key>
			<string>BUILT_PRODUCTS_DIR</string>
		</dict>
		<key>4D3D03981BBCDDFE00EE673D</key>
		<dict>
			<key>containerPortal</key>
			<string>4D3D03791BBCDDFE00EE673D</string>
			<key>isa</key>
			<string>PBXContainerItemProxy</string>
			<key>proxyType</key>
			<string>1</string>
			<key>remoteGlobalIDString</key>
			<string>4D3D03801BBCDDFE00EE673D</string>
			<key>remoteInfo</key>
			<string>petPals</string>
		</dict>
		<key>4D3D03991BBCDDFE00EE673D</key>
		<dict>
			<key>isa</key>
			<string>PBXTargetDependency</string>
			<key>target</key>
			<string>4D3D03801BBCDDFE00EE673D</string>
			<key>targetProxy</key>
			<string>4D3D03981BBCDDFE00EE673D</string>
		</dict>
		<key>4D3D039A1BBCDDFE00EE673D</key>
		<dict>
			<key>children</key>
			<array>
				<string>4D3D039B1BBCDDFE00EE673D</string>
				<string>4D3D039D1BBCDDFE00EE673D</string>
			</array>
			<key>isa</key>
			<string>PBXGroup</string>
			<key>path</key>
			<string>petPalsTests</string>
			<key>sourceTree</key>
			<string>&lt;group&gt;</string>
		</dict>
		<key>4D3D039B1BBCDDFE00EE673D</key>
		<dict>
			<key>isa</key>
			<string>PBXFileReference</string>
			<key>lastKnownFileType</key>
			<string>sourcecode.swift</string>
			<key>path</key>
			<string>petPalsTests.swift</string>
			<key>sourceTree</key>
			<string>&lt;group&gt;</string>
		</dict>
		<key>4D3D039C1BBCDDFE00EE673D</key>
		<dict>
			<key>fileRef</key>
			<string>4D3D039B1BBCDDFE00EE673D</string>
			<key>isa</key>
			<string>PBXBuildFile</string>
		</dict>
		<key>4D3D039D1BBCDDFE00EE673D</key>
		<dict>
			<key>isa</key>
			<string>PBXFileReference</string>
			<key>lastKnownFileType</key>
			<string>text.plist.xml</string>
			<key>path</key>
			<string>Info.plist</string>
			<key>sourceTree</key>
			<string>&lt;group&gt;</string>
		</dict>
		<key>4D3D039E1BBCDDFE00EE673D</key>
		<dict>
			<key>buildActionMask</key>
			<string>2147483647</string>
			<key>files</key>
			<array>
				<string>4D3D03A71BBCDDFE00EE673D</string>
			</array>
			<key>isa</key>
			<string>PBXSourcesBuildPhase</string>
			<key>runOnlyForDeploymentPostprocessing</key>
			<string>0</string>
		</dict>
		<key>4D3D039F1BBCDDFE00EE673D</key>
		<dict>
			<key>buildActionMask</key>
			<string>2147483647</string>
			<key>files</key>
			<array/>
			<key>isa</key>
			<string>PBXFrameworksBuildPhase</string>
			<key>runOnlyForDeploymentPostprocessing</key>
			<string>0</string>
		</dict>
		<key>4D3D03A01BBCDDFE00EE673D</key>
		<dict>
			<key>buildActionMask</key>
			<string>2147483647</string>
			<key>files</key>
			<array/>
			<key>isa</key>
			<string>PBXResourcesBuildPhase</string>
			<key>runOnlyForDeploymentPostprocessing</key>
			<string>0</string>
		</dict>
		<key>4D3D03A11BBCDDFE00EE673D</key>
		<dict>
			<key>buildConfigurationList</key>
			<string>4D3D03B11BBCDDFE00EE673D</string>
			<key>buildPhases</key>
			<array>
				<string>4D3D039E1BBCDDFE00EE673D</string>
				<string>4D3D039F1BBCDDFE00EE673D</string>
				<string>4D3D03A01BBCDDFE00EE673D</string>
			</array>
			<key>buildRules</key>
			<array/>
			<key>dependencies</key>
			<array>
				<string>4D3D03A41BBCDDFE00EE673D</string>
			</array>
			<key>isa</key>
			<string>PBXNativeTarget</string>
			<key>name</key>
			<string>petPalsUITests</string>
			<key>productName</key>
			<string>petPalsUITests</string>
			<key>productReference</key>
			<string>4D3D03A21BBCDDFE00EE673D</string>
			<key>productType</key>
			<string>com.apple.product-type.bundle.ui-testing</string>
		</dict>
		<key>4D3D03A21BBCDDFE00EE673D</key>
		<dict>
			<key>explicitFileType</key>
			<string>wrapper.cfbundle</string>
			<key>includeInIndex</key>
			<string>0</string>
			<key>isa</key>
			<string>PBXFileReference</string>
			<key>path</key>
			<string>petPalsUITests.xctest</string>
			<key>sourceTree</key>
			<string>BUILT_PRODUCTS_DIR</string>
		</dict>
		<key>4D3D03A31BBCDDFE00EE673D</key>
		<dict>
			<key>containerPortal</key>
			<string>4D3D03791BBCDDFE00EE673D</string>
			<key>isa</key>
			<string>PBXContainerItemProxy</string>
			<key>proxyType</key>
			<string>1</string>
			<key>remoteGlobalIDString</key>
			<string>4D3D03801BBCDDFE00EE673D</string>
			<key>remoteInfo</key>
			<string>petPals</string>
		</dict>
		<key>4D3D03A41BBCDDFE00EE673D</key>
		<dict>
			<key>isa</key>
			<string>PBXTargetDependency</string>
			<key>target</key>
			<string>4D3D03801BBCDDFE00EE673D</string>
			<key>targetProxy</key>
			<string>4D3D03A31BBCDDFE00EE673D</string>
		</dict>
		<key>4D3D03A51BBCDDFE00EE673D</key>
		<dict>
			<key>children</key>
			<array>
				<string>4D3D03A61BBCDDFE00EE673D</string>
				<string>4D3D03A81BBCDDFE00EE673D</string>
			</array>
			<key>isa</key>
			<string>PBXGroup</string>
			<key>path</key>
			<string>petPalsUITests</string>
			<key>sourceTree</key>
			<string>&lt;group&gt;</string>
		</dict>
		<key>4D3D03A61BBCDDFE00EE673D</key>
		<dict>
			<key>isa</key>
			<string>PBXFileReference</string>
			<key>lastKnownFileType</key>
			<string>sourcecode.swift</string>
			<key>path</key>
			<string>petPalsUITests.swift</string>
			<key>sourceTree</key>
			<string>&lt;group&gt;</string>
		</dict>
		<key>4D3D03A71BBCDDFE00EE673D</key>
		<dict>
			<key>fileRef</key>
			<string>4D3D03A61BBCDDFE00EE673D</string>
			<key>isa</key>
			<string>PBXBuildFile</string>
		</dict>
		<key>4D3D03A81BBCDDFE00EE673D</key>
		<dict>
			<key>isa</key>
			<string>PBXFileReference</string>
			<key>lastKnownFileType</key>
			<string>text.plist.xml</string>
			<key>path</key>
			<string>Info.plist</string>
			<key>sourceTree</key>
			<string>&lt;group&gt;</string>
		</dict>
		<key>4D3D03A91BBCDDFE00EE673D</key>
		<dict>
			<key>buildSettings</key>
			<dict>
				<key>ALWAYS_SEARCH_USER_PATHS</key>
				<string>NO</string>
				<key>CLANG_CXX_LANGUAGE_STANDARD</key>
				<string>gnu++0x</string>
				<key>CLANG_CXX_LIBRARY</key>
				<string>libc++</string>
				<key>CLANG_ENABLE_MODULES</key>
				<string>YES</string>
				<key>CLANG_ENABLE_OBJC_ARC</key>
				<string>YES</string>
				<key>CLANG_WARN_BOOL_CONVERSION</key>
				<string>YES</string>
				<key>CLANG_WARN_CONSTANT_CONVERSION</key>
				<string>YES</string>
				<key>CLANG_WARN_DIRECT_OBJC_ISA_USAGE</key>
				<string>YES_ERROR</string>
				<key>CLANG_WARN_EMPTY_BODY</key>
				<string>YES</string>
				<key>CLANG_WARN_ENUM_CONVERSION</key>
				<string>YES</string>
				<key>CLANG_WARN_INT_CONVERSION</key>
				<string>YES</string>
				<key>CLANG_WARN_OBJC_ROOT_CLASS</key>
				<string>YES_ERROR</string>
				<key>CLANG_WARN_UNREACHABLE_CODE</key>
				<string>YES</string>
				<key>CLANG_WARN__DUPLICATE_METHOD_MATCH</key>
				<string>YES</string>
				<key>CODE_SIGN_IDENTITY[sdk=iphoneos*]</key>
				<string>iPhone Developer</string>
				<key>COPY_PHASE_STRIP</key>
				<string>NO</string>
				<key>DEBUG_INFORMATION_FORMAT</key>
				<string>dwarf</string>
				<key>ENABLE_STRICT_OBJC_MSGSEND</key>
				<string>YES</string>
				<key>ENABLE_TESTABILITY</key>
				<string>YES</string>
				<key>GCC_C_LANGUAGE_STANDARD</key>
				<string>gnu99</string>
				<key>GCC_DYNAMIC_NO_PIC</key>
				<string>NO</string>
				<key>GCC_NO_COMMON_BLOCKS</key>
				<string>YES</string>
				<key>GCC_OPTIMIZATION_LEVEL</key>
				<string>0</string>
				<key>GCC_PREPROCESSOR_DEFINITIONS</key>
				<array>
					<string>DEBUG=1</string>
					<string>$(inherited)</string>
				</array>
				<key>GCC_WARN_64_TO_32_BIT_CONVERSION</key>
				<string>YES</string>
				<key>GCC_WARN_ABOUT_RETURN_TYPE</key>
				<string>YES_ERROR</string>
				<key>GCC_WARN_UNDECLARED_SELECTOR</key>
				<string>YES</string>
				<key>GCC_WARN_UNINITIALIZED_AUTOS</key>
				<string>YES_AGGRESSIVE</string>
				<key>GCC_WARN_UNUSED_FUNCTION</key>
				<string>YES</string>
				<key>GCC_WARN_UNUSED_VARIABLE</key>
				<string>YES</string>
				<key>IPHONEOS_DEPLOYMENT_TARGET</key>
				<string>9.0</string>
				<key>MTL_ENABLE_DEBUG_INFO</key>
				<string>YES</string>
				<key>ONLY_ACTIVE_ARCH</key>
				<string>YES</string>
				<key>SDKROOT</key>
				<string>iphoneos</string>
				<key>SWIFT_OPTIMIZATION_LEVEL</key>
				<string>-Onone</string>
			</dict>
			<key>isa</key>
			<string>XCBuildConfiguration</string>
			<key>name</key>
			<string>Debug</string>
		</dict>
		<key>4D3D03AA1BBCDDFE00EE673D</key>
		<dict>
			<key>buildSettings</key>
			<dict>
				<key>ALWAYS_SEARCH_USER_PATHS</key>
				<string>NO</string>
				<key>CLANG_CXX_LANGUAGE_STANDARD</key>
				<string>gnu++0x</string>
				<key>CLANG_CXX_LIBRARY</key>
				<string>libc++</string>
				<key>CLANG_ENABLE_MODULES</key>
				<string>YES</string>
				<key>CLANG_ENABLE_OBJC_ARC</key>
				<string>YES</string>
				<key>CLANG_WARN_BOOL_CONVERSION</key>
				<string>YES</string>
				<key>CLANG_WARN_CONSTANT_CONVERSION</key>
				<string>YES</string>
				<key>CLANG_WARN_DIRECT_OBJC_ISA_USAGE</key>
				<string>YES_ERROR</string>
				<key>CLANG_WARN_EMPTY_BODY</key>
				<string>YES</string>
				<key>CLANG_WARN_ENUM_CONVERSION</key>
				<string>YES</string>
				<key>CLANG_WARN_INT_CONVERSION</key>
				<string>YES</string>
				<key>CLANG_WARN_OBJC_ROOT_CLASS</key>
				<string>YES_ERROR</string>
				<key>CLANG_WARN_UNREACHABLE_CODE</key>
				<string>YES</string>
				<key>CLANG_WARN__DUPLICATE_METHOD_MATCH</key>
				<string>YES</string>
				<key>CODE_SIGN_IDENTITY[sdk=iphoneos*]</key>
				<string>iPhone Developer</string>
				<key>COPY_PHASE_STRIP</key>
				<string>NO</string>
				<key>DEBUG_INFORMATION_FORMAT</key>
				<string>dwarf-with-dsym</string>
				<key>ENABLE_NS_ASSERTIONS</key>
				<string>NO</string>
				<key>ENABLE_STRICT_OBJC_MSGSEND</key>
				<string>YES</string>
				<key>GCC_C_LANGUAGE_STANDARD</key>
				<string>gnu99</string>
				<key>GCC_NO_COMMON_BLOCKS</key>
				<string>YES</string>
				<key>GCC_WARN_64_TO_32_BIT_CONVERSION</key>
				<string>YES</string>
				<key>GCC_WARN_ABOUT_RETURN_TYPE</key>
				<string>YES_ERROR</string>
				<key>GCC_WARN_UNDECLARED_SELECTOR</key>
				<string>YES</string>
				<key>GCC_WARN_UNINITIALIZED_AUTOS</key>
				<string>YES_AGGRESSIVE</string>
				<key>GCC_WARN_UNUSED_FUNCTION</key>
				<string>YES</string>
				<key>GCC_WARN_UNUSED_VARIABLE</key>
				<string>YES</string>
				<key>IPHONEOS_DEPLOYMENT_TARGET</key>
				<string>9.0</string>
				<key>MTL_ENABLE_DEBUG_INFO</key>
				<string>NO</string>
				<key>SDKROOT</key>
				<string>iphoneos</string>
				<key>VALIDATE_PRODUCT</key>
				<string>YES</string>
			</dict>
			<key>isa</key>
			<string>XCBuildConfiguration</string>
			<key>name</key>
			<string>Release</string>
		</dict>
		<key>4D3D03AB1BBCDDFE00EE673D</key>
		<dict>
			<key>buildConfigurations</key>
			<array>
				<string>4D3D03AC1BBCDDFE00EE673D</string>
				<string>4D3D03AD1BBCDDFE00EE673D</string>
			</array>
			<key>defaultConfigurationIsVisible</key>
			<string>0</string>
			<key>defaultConfigurationName</key>
			<string>Release</string>
			<key>isa</key>
			<string>XCConfigurationList</string>
		</dict>
		<key>4D3D03AC1BBCDDFE00EE673D</key>
		<dict>
			<key>baseConfigurationReference</key>
			<string>1E08B35780A26D4FEF267521</string>
			<key>buildSettings</key>
			<dict>
				<key>ASSETCATALOG_COMPILER_APPICON_NAME</key>
				<string>AppIcon</string>
				<key>FRAMEWORK_SEARCH_PATHS</key>
				<array>
					<string>$(inherited)</string>
					<string>$(PROJECT_DIR)/petPals</string>
				</array>
				<key>INFOPLIST_FILE</key>
				<string>petPals/Info.plist</string>
				<key>LD_RUNPATH_SEARCH_PATHS</key>
				<string>$(inherited) @executable_path/Frameworks</string>
				<key>PRODUCT_BUNDLE_IDENTIFIER</key>
				<string>com.ShaunChua.petPals</string>
				<key>PRODUCT_NAME</key>
				<string>$(TARGET_NAME)</string>
			</dict>
			<key>isa</key>
			<string>XCBuildConfiguration</string>
			<key>name</key>
			<string>Debug</string>
		</dict>
		<key>4D3D03AD1BBCDDFE00EE673D</key>
		<dict>
			<key>baseConfigurationReference</key>
			<string>5060F978ED8F700490F4D050</string>
			<key>buildSettings</key>
			<dict>
				<key>ASSETCATALOG_COMPILER_APPICON_NAME</key>
				<string>AppIcon</string>
				<key>FRAMEWORK_SEARCH_PATHS</key>
				<array>
					<string>$(inherited)</string>
					<string>$(PROJECT_DIR)/petPals</string>
				</array>
				<key>INFOPLIST_FILE</key>
				<string>petPals/Info.plist</string>
				<key>LD_RUNPATH_SEARCH_PATHS</key>
				<string>$(inherited) @executable_path/Frameworks</string>
				<key>PRODUCT_BUNDLE_IDENTIFIER</key>
				<string>com.ShaunChua.petPals</string>
				<key>PRODUCT_NAME</key>
				<string>$(TARGET_NAME)</string>
			</dict>
			<key>isa</key>
			<string>XCBuildConfiguration</string>
			<key>name</key>
			<string>Release</string>
		</dict>
		<key>4D3D03AE1BBCDDFE00EE673D</key>
		<dict>
			<key>buildConfigurations</key>
			<array>
				<string>4D3D03AF1BBCDDFE00EE673D</string>
				<string>4D3D03B01BBCDDFE00EE673D</string>
			</array>
			<key>defaultConfigurationIsVisible</key>
			<string>0</string>
			<key>defaultConfigurationName</key>
			<string>Release</string>
			<key>isa</key>
			<string>XCConfigurationList</string>
		</dict>
		<key>4D3D03AF1BBCDDFE00EE673D</key>
		<dict>
			<key>buildSettings</key>
			<dict>
				<key>BUNDLE_LOADER</key>
				<string>$(TEST_HOST)</string>
				<key>INFOPLIST_FILE</key>
				<string>petPalsTests/Info.plist</string>
				<key>LD_RUNPATH_SEARCH_PATHS</key>
				<string>$(inherited) @executable_path/Frameworks @loader_path/Frameworks</string>
				<key>PRODUCT_BUNDLE_IDENTIFIER</key>
				<string>com.ShaunChua.petPalsTests</string>
				<key>PRODUCT_NAME</key>
				<string>$(TARGET_NAME)</string>
				<key>TEST_HOST</key>
				<string>$(BUILT_PRODUCTS_DIR)/petPals.app/petPals</string>
			</dict>
			<key>isa</key>
			<string>XCBuildConfiguration</string>
			<key>name</key>
			<string>Debug</string>
		</dict>
		<key>4D3D03B01BBCDDFE00EE673D</key>
		<dict>
			<key>buildSettings</key>
			<dict>
				<key>BUNDLE_LOADER</key>
				<string>$(TEST_HOST)</string>
				<key>INFOPLIST_FILE</key>
				<string>petPalsTests/Info.plist</string>
				<key>LD_RUNPATH_SEARCH_PATHS</key>
				<string>$(inherited) @executable_path/Frameworks @loader_path/Frameworks</string>
				<key>PRODUCT_BUNDLE_IDENTIFIER</key>
				<string>com.ShaunChua.petPalsTests</string>
				<key>PRODUCT_NAME</key>
				<string>$(TARGET_NAME)</string>
				<key>TEST_HOST</key>
				<string>$(BUILT_PRODUCTS_DIR)/petPals.app/petPals</string>
			</dict>
			<key>isa</key>
			<string>XCBuildConfiguration</string>
			<key>name</key>
			<string>Release</string>
		</dict>
		<key>4D3D03B11BBCDDFE00EE673D</key>
		<dict>
			<key>buildConfigurations</key>
			<array>
				<string>4D3D03B21BBCDDFE00EE673D</string>
				<string>4D3D03B31BBCDDFE00EE673D</string>
			</array>
			<key>defaultConfigurationIsVisible</key>
			<string>0</string>
			<key>defaultConfigurationName</key>
			<string>Release</string>
			<key>isa</key>
			<string>XCConfigurationList</string>
		</dict>
		<key>4D3D03B21BBCDDFE00EE673D</key>
		<dict>
			<key>buildSettings</key>
			<dict>
				<key>INFOPLIST_FILE</key>
				<string>petPalsUITests/Info.plist</string>
				<key>LD_RUNPATH_SEARCH_PATHS</key>
				<string>$(inherited) @executable_path/Frameworks @loader_path/Frameworks</string>
				<key>PRODUCT_BUNDLE_IDENTIFIER</key>
				<string>com.ShaunChua.petPalsUITests</string>
				<key>PRODUCT_NAME</key>
				<string>$(TARGET_NAME)</string>
				<key>TEST_TARGET_NAME</key>
				<string>petPals</string>
				<key>USES_XCTRUNNER</key>
				<string>YES</string>
			</dict>
			<key>isa</key>
			<string>XCBuildConfiguration</string>
			<key>name</key>
			<string>Debug</string>
		</dict>
		<key>4D3D03B31BBCDDFE00EE673D</key>
		<dict>
			<key>buildSettings</key>
			<dict>
				<key>INFOPLIST_FILE</key>
				<string>petPalsUITests/Info.plist</string>
				<key>LD_RUNPATH_SEARCH_PATHS</key>
				<string>$(inherited) @executable_path/Frameworks @loader_path/Frameworks</string>
				<key>PRODUCT_BUNDLE_IDENTIFIER</key>
				<string>com.ShaunChua.petPalsUITests</string>
				<key>PRODUCT_NAME</key>
				<string>$(TARGET_NAME)</string>
				<key>TEST_TARGET_NAME</key>
				<string>petPals</string>
				<key>USES_XCTRUNNER</key>
				<string>YES</string>
			</dict>
			<key>isa</key>
			<string>XCBuildConfiguration</string>
			<key>name</key>
			<string>Release</string>
		</dict>
		<key>4D3D03EE1BBDD6A900EE673D</key>
		<dict>
			<key>isa</key>
			<string>PBXFileReference</string>
			<key>lastKnownFileType</key>
			<string>image.jpeg</string>
			<key>path</key>
			<string>chua_shaun_profile.jpg</string>
			<key>sourceTree</key>
			<string>&lt;group&gt;</string>
		</dict>
		<key>4D3D03EF1BBDD6A900EE673D</key>
		<dict>
			<key>fileRef</key>
			<string>4D3D03EE1BBDD6A900EE673D</string>
			<key>isa</key>
			<string>PBXBuildFile</string>
		</dict>
		<key>4D5A684F1BD98A8200706B24</key>
		<dict>
			<key>fileEncoding</key>
			<string>4</string>
			<key>isa</key>
			<string>PBXFileReference</string>
			<key>lastKnownFileType</key>
			<string>sourcecode.swift</string>
			<key>path</key>
			<string>PetListTableViewCell.swift</string>
			<key>sourceTree</key>
			<string>&lt;group&gt;</string>
		</dict>
		<key>4D5A68501BD98A8200706B24</key>
		<dict>
			<key>fileRef</key>
			<string>4D5A684F1BD98A8200706B24</string>
			<key>isa</key>
			<string>PBXBuildFile</string>
		</dict>
		<key>4D5A68511BD98E1D00706B24</key>
		<dict>
			<key>fileEncoding</key>
			<string>4</string>
			<key>isa</key>
			<string>PBXFileReference</string>
			<key>lastKnownFileType</key>
			<string>sourcecode.swift</string>
			<key>path</key>
			<string>PetProfile.swift</string>
			<key>sourceTree</key>
			<string>&lt;group&gt;</string>
		</dict>
		<key>4D5A68521BD98E1D00706B24</key>
		<dict>
			<key>fileRef</key>
			<string>4D5A68511BD98E1D00706B24</string>
			<key>isa</key>
			<string>PBXBuildFile</string>
		</dict>
		<key>4D5A68951BDDE72D00706B24</key>
		<dict>
			<key>fileEncoding</key>
			<string>4</string>
			<key>isa</key>
			<string>PBXFileReference</string>
			<key>lastKnownFileType</key>
			<string>sourcecode.swift</string>
			<key>path</key>
			<string>PetProfileViewController.swift</string>
			<key>sourceTree</key>
			<string>&lt;group&gt;</string>
		</dict>
		<key>4D5A68961BDDE72D00706B24</key>
		<dict>
			<key>fileRef</key>
			<string>4D5A68951BDDE72D00706B24</string>
			<key>isa</key>
			<string>PBXBuildFile</string>
		</dict>
		<key>4D94CB681BC354C3008A8F6A</key>
		<dict>
			<key>isa</key>
			<string>PBXFileReference</string>
			<key>lastKnownFileType</key>
			<string>wrapper.framework</string>
			<key>name</key>
			<string>Bolts.framework</string>
			<key>path</key>
			<string>petPals/Bolts.framework</string>
			<key>sourceTree</key>
			<string>&lt;group&gt;</string>
		</dict>
		<key>4D94CB691BC354C3008A8F6A</key>
		<dict>
			<key>isa</key>
			<string>PBXFileReference</string>
			<key>lastKnownFileType</key>
			<string>wrapper.framework</string>
			<key>name</key>
			<string>Parse.framework</string>
			<key>path</key>
			<string>petPals/Parse.framework</string>
			<key>sourceTree</key>
			<string>&lt;group&gt;</string>
		</dict>
		<key>4D94CB6A1BC354C3008A8F6A</key>
		<dict>
			<key>fileRef</key>
			<string>4D94CB681BC354C3008A8F6A</string>
			<key>isa</key>
			<string>PBXBuildFile</string>
		</dict>
		<key>4D94CB6B1BC354C3008A8F6A</key>
		<dict>
			<key>fileRef</key>
			<string>4D94CB691BC354C3008A8F6A</string>
			<key>isa</key>
			<string>PBXBuildFile</string>
		</dict>
		<key>4D94CB6C1BC3552E008A8F6A</key>
		<dict>
			<key>children</key>
			<array>
				<string>4D94CB811BC356C1008A8F6A</string>
				<string>4D94CB7F1BC356B4008A8F6A</string>
				<string>4D94CB7D1BC355D6008A8F6A</string>
				<string>4D94CB7B1BC355CA008A8F6A</string>
				<string>4D94CB791BC355C1008A8F6A</string>
				<string>4D94CB771BC355B3008A8F6A</string>
				<string>4D94CB751BC355AA008A8F6A</string>
				<string>4D94CB731BC35596008A8F6A</string>
				<string>4D94CB711BC3558B008A8F6A</string>
				<string>4D94CB6F1BC35584008A8F6A</string>
				<string>4D94CB6D1BC3557B008A8F6A</string>
				<string>4D94CB681BC354C3008A8F6A</string>
				<string>4D94CB691BC354C3008A8F6A</string>
				<string>43190E5F2A49B8A318E4C09A</string>
				<string>1DB50855F5141AB4D5A79D57</string>
			</array>
			<key>isa</key>
			<string>PBXGroup</string>
			<key>name</key>
			<string>Frameworks</string>
			<key>sourceTree</key>
			<string>&lt;group&gt;</string>
		</dict>
		<key>4D94CB6D1BC3557B008A8F6A</key>
		<dict>
			<key>isa</key>
			<string>PBXFileReference</string>
			<key>lastKnownFileType</key>
			<string>wrapper.framework</string>
			<key>name</key>
			<string>Accounts.framework</string>
			<key>path</key>
			<string>System/Library/Frameworks/Accounts.framework</string>
			<key>sourceTree</key>
			<string>SDKROOT</string>
		</dict>
		<key>4D94CB6E1BC3557B008A8F6A</key>
		<dict>
			<key>fileRef</key>
			<string>4D94CB6D1BC3557B008A8F6A</string>
			<key>isa</key>
			<string>PBXBuildFile</string>
		</dict>
		<key>4D94CB6F1BC35584008A8F6A</key>
		<dict>
			<key>isa</key>
			<string>PBXFileReference</string>
			<key>lastKnownFileType</key>
			<string>wrapper.framework</string>
			<key>name</key>
			<string>AudioToolbox.framework</string>
			<key>path</key>
			<string>System/Library/Frameworks/AudioToolbox.framework</string>
			<key>sourceTree</key>
			<string>SDKROOT</string>
		</dict>
		<key>4D94CB701BC35584008A8F6A</key>
		<dict>
			<key>fileRef</key>
			<string>4D94CB6F1BC35584008A8F6A</string>
			<key>isa</key>
			<string>PBXBuildFile</string>
		</dict>
		<key>4D94CB711BC3558B008A8F6A</key>
		<dict>
			<key>isa</key>
			<string>PBXFileReference</string>
			<key>lastKnownFileType</key>
			<string>wrapper.framework</string>
			<key>name</key>
			<string>CFNetwork.framework</string>
			<key>path</key>
			<string>System/Library/Frameworks/CFNetwork.framework</string>
			<key>sourceTree</key>
			<string>SDKROOT</string>
		</dict>
		<key>4D94CB721BC3558B008A8F6A</key>
		<dict>
			<key>fileRef</key>
			<string>4D94CB711BC3558B008A8F6A</string>
			<key>isa</key>
			<string>PBXBuildFile</string>
		</dict>
		<key>4D94CB731BC35596008A8F6A</key>
		<dict>
			<key>isa</key>
			<string>PBXFileReference</string>
			<key>lastKnownFileType</key>
			<string>wrapper.framework</string>
			<key>name</key>
			<string>CoreGraphics.framework</string>
			<key>path</key>
			<string>System/Library/Frameworks/CoreGraphics.framework</string>
			<key>sourceTree</key>
			<string>SDKROOT</string>
		</dict>
		<key>4D94CB741BC35596008A8F6A</key>
		<dict>
			<key>fileRef</key>
			<string>4D94CB731BC35596008A8F6A</string>
			<key>isa</key>
			<string>PBXBuildFile</string>
		</dict>
		<key>4D94CB751BC355AA008A8F6A</key>
		<dict>
			<key>isa</key>
			<string>PBXFileReference</string>
			<key>lastKnownFileType</key>
			<string>wrapper.framework</string>
			<key>name</key>
			<string>QuartzCore.framework</string>
			<key>path</key>
			<string>System/Library/Frameworks/QuartzCore.framework</string>
			<key>sourceTree</key>
			<string>SDKROOT</string>
		</dict>
		<key>4D94CB761BC355AA008A8F6A</key>
		<dict>
			<key>fileRef</key>
			<string>4D94CB751BC355AA008A8F6A</string>
			<key>isa</key>
			<string>PBXBuildFile</string>
		</dict>
		<key>4D94CB771BC355B3008A8F6A</key>
		<dict>
			<key>isa</key>
			<string>PBXFileReference</string>
			<key>lastKnownFileType</key>
			<string>wrapper.framework</string>
			<key>name</key>
			<string>Security.framework</string>
			<key>path</key>
			<string>System/Library/Frameworks/Security.framework</string>
			<key>sourceTree</key>
			<string>SDKROOT</string>
		</dict>
		<key>4D94CB781BC355B3008A8F6A</key>
		<dict>
			<key>fileRef</key>
			<string>4D94CB771BC355B3008A8F6A</string>
			<key>isa</key>
			<string>PBXBuildFile</string>
		</dict>
		<key>4D94CB791BC355C1008A8F6A</key>
		<dict>
			<key>isa</key>
			<string>PBXFileReference</string>
			<key>lastKnownFileType</key>
			<string>wrapper.framework</string>
			<key>name</key>
			<string>Social.framework</string>
			<key>path</key>
			<string>System/Library/Frameworks/Social.framework</string>
			<key>sourceTree</key>
			<string>SDKROOT</string>
		</dict>
		<key>4D94CB7A1BC355C1008A8F6A</key>
		<dict>
			<key>fileRef</key>
			<string>4D94CB791BC355C1008A8F6A</string>
			<key>isa</key>
			<string>PBXBuildFile</string>
		</dict>
		<key>4D94CB7B1BC355CA008A8F6A</key>
		<dict>
			<key>isa</key>
			<string>PBXFileReference</string>
			<key>lastKnownFileType</key>
			<string>wrapper.framework</string>
			<key>name</key>
			<string>StoreKit.framework</string>
			<key>path</key>
			<string>System/Library/Frameworks/StoreKit.framework</string>
			<key>sourceTree</key>
			<string>SDKROOT</string>
		</dict>
		<key>4D94CB7C1BC355CA008A8F6A</key>
		<dict>
			<key>fileRef</key>
			<string>4D94CB7B1BC355CA008A8F6A</string>
			<key>isa</key>
			<string>PBXBuildFile</string>
		</dict>
		<key>4D94CB7D1BC355D6008A8F6A</key>
		<dict>
			<key>isa</key>
			<string>PBXFileReference</string>
			<key>lastKnownFileType</key>
			<string>wrapper.framework</string>
			<key>name</key>
			<string>SystemConfiguration.framework</string>
			<key>path</key>
			<string>System/Library/Frameworks/SystemConfiguration.framework</string>
			<key>sourceTree</key>
			<string>SDKROOT</string>
		</dict>
		<key>4D94CB7E1BC355D6008A8F6A</key>
		<dict>
			<key>fileRef</key>
			<string>4D94CB7D1BC355D6008A8F6A</string>
			<key>isa</key>
			<string>PBXBuildFile</string>
		</dict>
		<key>4D94CB7F1BC356B4008A8F6A</key>
		<dict>
			<key>isa</key>
			<string>PBXFileReference</string>
			<key>lastKnownFileType</key>
			<string>sourcecode.text-based-dylib-definition</string>
			<key>name</key>
			<string>libz.tbd</string>
			<key>path</key>
			<string>usr/lib/libz.tbd</string>
			<key>sourceTree</key>
			<string>SDKROOT</string>
		</dict>
		<key>4D94CB801BC356B4008A8F6A</key>
		<dict>
			<key>fileRef</key>
			<string>4D94CB7F1BC356B4008A8F6A</string>
			<key>isa</key>
			<string>PBXBuildFile</string>
		</dict>
		<key>4D94CB811BC356C1008A8F6A</key>
		<dict>
			<key>isa</key>
			<string>PBXFileReference</string>
			<key>lastKnownFileType</key>
			<string>sourcecode.text-based-dylib-definition</string>
			<key>name</key>
			<string>libsqlite3.tbd</string>
			<key>path</key>
			<string>usr/lib/libsqlite3.tbd</string>
			<key>sourceTree</key>
			<string>SDKROOT</string>
		</dict>
		<key>4D94CB821BC356C1008A8F6A</key>
		<dict>
			<key>fileRef</key>
			<string>4D94CB811BC356C1008A8F6A</string>
			<key>isa</key>
			<string>PBXBuildFile</string>
		</dict>
		<key>4D9670941BC0B504000313AB</key>
		<dict>
			<key>fileEncoding</key>
			<string>4</string>
			<key>isa</key>
			<string>PBXFileReference</string>
			<key>lastKnownFileType</key>
			<string>sourcecode.swift</string>
			<key>path</key>
			<string>EditProfileController.swift</string>
			<key>sourceTree</key>
			<string>&lt;group&gt;</string>
		</dict>
		<key>4D9670951BC0B504000313AB</key>
		<dict>
			<key>fileRef</key>
			<string>4D9670941BC0B504000313AB</string>
			<key>isa</key>
			<string>PBXBuildFile</string>
		</dict>
		<key>4D9670981BC0CAA3000313AB</key>
		<dict>
			<key>fileEncoding</key>
			<string>4</string>
			<key>isa</key>
			<string>PBXFileReference</string>
			<key>lastKnownFileType</key>
			<string>sourcecode.swift</string>
			<key>path</key>
			<string>Profile.swift</string>
			<key>sourceTree</key>
			<string>&lt;group&gt;</string>
		</dict>
		<key>4D9670991BC0CAA3000313AB</key>
		<dict>
			<key>fileRef</key>
			<string>4D9670981BC0CAA3000313AB</string>
			<key>isa</key>
			<string>PBXBuildFile</string>
		</dict>
		<key>4DCDF80F1BE4B7520039A682</key>
		<dict>
			<key>fileEncoding</key>
			<string>4</string>
			<key>isa</key>
			<string>PBXFileReference</string>
			<key>lastKnownFileType</key>
			<string>sourcecode.swift</string>
			<key>path</key>
			<string>TimelineViewController.swift</string>
			<key>sourceTree</key>
			<string>&lt;group&gt;</string>
		</dict>
		<key>4DCDF8101BE4B7520039A682</key>
		<dict>
			<key>fileRef</key>
			<string>4DCDF80F1BE4B7520039A682</string>
			<key>isa</key>
			<string>PBXBuildFile</string>
		</dict>
		<key>4DCDF8111BE4B79D0039A682</key>
		<dict>
			<key>fileEncoding</key>
			<string>4</string>
			<key>isa</key>
			<string>PBXFileReference</string>
			<key>lastKnownFileType</key>
			<string>sourcecode.swift</string>
			<key>path</key>
			<string>PhotoViewController.swift</string>
			<key>sourceTree</key>
			<string>&lt;group&gt;</string>
		</dict>
		<key>4DCDF8121BE4B79D0039A682</key>
		<dict>
			<key>fileRef</key>
			<string>4DCDF8111BE4B79D0039A682</string>
			<key>isa</key>
			<string>PBXBuildFile</string>
		</dict>
		<key>4DCDF8131BE4B7B30039A682</key>
		<dict>
			<key>fileEncoding</key>
			<string>4</string>
			<key>isa</key>
			<string>PBXFileReference</string>
			<key>lastKnownFileType</key>
			<string>sourcecode.swift</string>
			<key>path</key>
			<string>FriendSearchViewController.swift</string>
			<key>sourceTree</key>
			<string>&lt;group&gt;</string>
		</dict>
		<key>4DCDF8141BE4B7B30039A682</key>
		<dict>
			<key>fileRef</key>
			<string>4DCDF8131BE4B7B30039A682</string>
			<key>isa</key>
			<string>PBXBuildFile</string>
		</dict>
		<key>4DCDF8151BE504BB0039A682</key>
		<dict>
			<key>children</key>
			<array>
				<string>4DCDF8161BE505750039A682</string>
			</array>
			<key>isa</key>
			<string>PBXGroup</string>
			<key>path</key>
			<string>PhotoTaking</string>
			<key>sourceTree</key>
			<string>&lt;group&gt;</string>
		</dict>
		<key>4DCDF8161BE505750039A682</key>
		<dict>
			<key>fileEncoding</key>
			<string>4</string>
			<key>isa</key>
			<string>PBXFileReference</string>
			<key>lastKnownFileType</key>
			<string>sourcecode.swift</string>
			<key>path</key>
			<string>PhotoTakingHelper.swift</string>
			<key>sourceTree</key>
			<string>&lt;group&gt;</string>
		</dict>
		<key>4DCDF8171BE505750039A682</key>
		<dict>
			<key>fileRef</key>
			<string>4DCDF8161BE505750039A682</string>
			<key>isa</key>
			<string>PBXBuildFile</string>
		</dict>
		<key>4DCDF8181BE5B2160039A682</key>
		<dict>
			<key>children</key>
			<array>
				<string>4DCDF8191BE5B22C0039A682</string>
			</array>
			<key>isa</key>
			<string>PBXGroup</string>
			<key>path</key>
			<string>Models</string>
			<key>sourceTree</key>
			<string>&lt;group&gt;</string>
		</dict>
		<key>4DCDF8191BE5B22C0039A682</key>
		<dict>
			<key>fileEncoding</key>
			<string>4</string>
			<key>isa</key>
			<string>PBXFileReference</string>
			<key>lastKnownFileType</key>
			<string>sourcecode.swift</string>
			<key>path</key>
			<string>Post.swift</string>
			<key>sourceTree</key>
			<string>&lt;group&gt;</string>
		</dict>
		<key>4DCDF81A1BE5B22C0039A682</key>
		<dict>
			<key>fileRef</key>
			<string>4DCDF8191BE5B22C0039A682</string>
			<key>isa</key>
			<string>PBXBuildFile</string>
		</dict>
		<key>4DCDF81B1BE84B830039A682</key>
		<dict>
			<key>children</key>
			<array>
				<string>4DCDF81C1BE84BAB0039A682</string>
			</array>
			<key>isa</key>
			<string>PBXGroup</string>
			<key>path</key>
			<string>Timeline</string>
			<key>sourceTree</key>
			<string>&lt;group&gt;</string>
		</dict>
		<key>4DCDF81C1BE84BAB0039A682</key>
		<dict>
			<key>fileEncoding</key>
			<string>4</string>
			<key>isa</key>
			<string>PBXFileReference</string>
			<key>lastKnownFileType</key>
			<string>sourcecode.swift</string>
			<key>path</key>
			<string>PostTableViewCell.swift</string>
			<key>sourceTree</key>
			<string>&lt;group&gt;</string>
		</dict>
		<key>4DCDF81D1BE84BAB0039A682</key>
		<dict>
			<key>fileRef</key>
			<string>4DCDF81C1BE84BAB0039A682</string>
			<key>isa</key>
			<string>PBXBuildFile</string>
		</dict>
		<key>4DCDF81E1BE86FA60039A682</key>
		<dict>
			<key>children</key>
			<array>
				<string>4DCDF81F1BE86FBA0039A682</string>
			</array>
			<key>isa</key>
			<string>PBXGroup</string>
			<key>path</key>
			<string>Helpers</string>
			<key>sourceTree</key>
			<string>&lt;group&gt;</string>
		</dict>
		<key>4DCDF81F1BE86FBA0039A682</key>
		<dict>
			<key>fileEncoding</key>
			<string>4</string>
			<key>isa</key>
			<string>PBXFileReference</string>
			<key>lastKnownFileType</key>
			<string>sourcecode.swift</string>
			<key>path</key>
			<string>ParseHelper.swift</string>
			<key>sourceTree</key>
			<string>&lt;group&gt;</string>
		</dict>
		<key>4DCDF8201BE86FBA0039A682</key>
		<dict>
			<key>fileRef</key>
			<string>4DCDF81F1BE86FBA0039A682</string>
			<key>isa</key>
			<string>PBXBuildFile</string>
		</dict>
		<key>5060F978ED8F700490F4D050</key>
		<dict>
			<key>includeInIndex</key>
			<string>1</string>
			<key>isa</key>
			<string>PBXFileReference</string>
			<key>lastKnownFileType</key>
			<string>text.xcconfig</string>
			<key>name</key>
			<string>Pods.release.xcconfig</string>
			<key>path</key>
			<string>Pods/Target Support Files/Pods/Pods.release.xcconfig</string>
			<key>sourceTree</key>
			<string>&lt;group&gt;</string>
		</dict>
		<key>669032E53669539F9571D461</key>
		<dict>
			<key>buildActionMask</key>
			<string>2147483647</string>
			<key>files</key>
			<array/>
			<key>inputPaths</key>
			<array/>
			<key>isa</key>
			<string>PBXShellScriptBuildPhase</string>
			<key>name</key>
			<string>Copy Pods Resources</string>
			<key>outputPaths</key>
			<array/>
			<key>runOnlyForDeploymentPostprocessing</key>
			<string>0</string>
			<key>shellPath</key>
			<string>/bin/sh</string>
			<key>shellScript</key>
			<string>"${SRCROOT}/Pods/Target Support Files/Pods-petPals/Pods-petPals-resources.sh"
</string>
			<key>showEnvVarsInLog</key>
			<string>0</string>
		</dict>
		<key>83EBE84049546351725E0DF1</key>
		<dict>
			<key>fileRef</key>
			<string>1DB50855F5141AB4D5A79D57</string>
			<key>isa</key>
			<string>PBXBuildFile</string>
		</dict>
		<key>CEE5CDB1DB7AF920D41A32E6</key>
		<dict>
			<key>fileRef</key>
			<string>43190E5F2A49B8A318E4C09A</string>
			<key>isa</key>
			<string>PBXBuildFile</string>
		</dict>
		<key>FB45DFDE571BBFA12D205A19</key>
		<dict>
			<key>children</key>
			<array>
				<string>1E08B35780A26D4FEF267521</string>
				<string>5060F978ED8F700490F4D050</string>
			</array>
			<key>isa</key>
			<string>PBXGroup</string>
			<key>name</key>
			<string>Pods</string>
			<key>sourceTree</key>
			<string>&lt;group&gt;</string>
		</dict>
	</dict>
	<key>rootObject</key>
	<string>4D3D03791BBCDDFE00EE673D</string>
</dict>
</plist>
